{
  "name": "@rewaa/event-broker",
  "version": "3.3.0",
  "lockfileVersion": 3,
  "requires": true,
  "packages": {
    "": {
      "name": "@rewaa/event-broker",
      "version": "3.3.0",
      "license": "ISC",
      "dependencies": {
        "sqs-consumer": "^6.1.0",
        "uuid": "^9.0.0"
      },
      "devDependencies": {
        "@types/node": "^18.11.18",
        "@types/uuid": "^9.0.0",
        "typescript": "^4.9.4"
      },
      "peerDependencies": {
        "@aws-sdk/client-lambda": "^3.188.0",
        "@aws-sdk/client-sns": "^3.188.0",
        "@aws-sdk/client-sqs": "^3.188.0"
      }
    },
    "node_modules/@aws-crypto/crc32": {
      "version": "3.0.0",
      "resolved": "https://registry.npmjs.org/@aws-crypto/crc32/-/crc32-3.0.0.tgz",
      "integrity": "sha512-IzSgsrxUcsrejQbPVilIKy16kAT52EwB6zSaI+M3xxIhKh5+aldEyvI+z6erM7TCLB2BJsFrtHjp6/4/sr+3dA==",
      "peer": true,
      "dependencies": {
        "@aws-crypto/util": "^3.0.0",
        "@aws-sdk/types": "^3.222.0",
        "tslib": "^1.11.1"
      }
    },
    "node_modules/@aws-crypto/crc32/node_modules/tslib": {
      "version": "1.14.1",
      "resolved": "https://registry.npmjs.org/tslib/-/tslib-1.14.1.tgz",
      "integrity": "sha512-Xni35NKzjgMrwevysHTCArtLDpPvye8zV/0E4EyYn43P7/7qvQwPh9BGkHewbMulVntbigmcT7rdX3BNo9wRJg==",
      "peer": true
    },
    "node_modules/@aws-crypto/ie11-detection": {
      "version": "3.0.0",
      "license": "Apache-2.0",
      "dependencies": {
        "tslib": "^1.11.1"
      }
    },
    "node_modules/@aws-crypto/ie11-detection/node_modules/tslib": {
      "version": "1.14.1",
      "license": "0BSD"
    },
    "node_modules/@aws-crypto/sha256-browser": {
      "version": "3.0.0",
      "license": "Apache-2.0",
      "dependencies": {
        "@aws-crypto/ie11-detection": "^3.0.0",
        "@aws-crypto/sha256-js": "^3.0.0",
        "@aws-crypto/supports-web-crypto": "^3.0.0",
        "@aws-crypto/util": "^3.0.0",
        "@aws-sdk/types": "^3.222.0",
        "@aws-sdk/util-locate-window": "^3.0.0",
        "@aws-sdk/util-utf8-browser": "^3.0.0",
        "tslib": "^1.11.1"
      }
    },
    "node_modules/@aws-crypto/sha256-browser/node_modules/tslib": {
      "version": "1.14.1",
      "license": "0BSD"
    },
    "node_modules/@aws-crypto/sha256-js": {
      "version": "3.0.0",
      "license": "Apache-2.0",
      "dependencies": {
        "@aws-crypto/util": "^3.0.0",
        "@aws-sdk/types": "^3.222.0",
        "tslib": "^1.11.1"
      }
    },
    "node_modules/@aws-crypto/sha256-js/node_modules/tslib": {
      "version": "1.14.1",
      "license": "0BSD"
    },
    "node_modules/@aws-crypto/supports-web-crypto": {
      "version": "3.0.0",
      "license": "Apache-2.0",
      "dependencies": {
        "tslib": "^1.11.1"
      }
    },
    "node_modules/@aws-crypto/supports-web-crypto/node_modules/tslib": {
      "version": "1.14.1",
      "license": "0BSD"
    },
    "node_modules/@aws-crypto/util": {
      "version": "3.0.0",
      "license": "Apache-2.0",
      "dependencies": {
        "@aws-sdk/types": "^3.222.0",
        "@aws-sdk/util-utf8-browser": "^3.0.0",
        "tslib": "^1.11.1"
      }
    },
    "node_modules/@aws-crypto/util/node_modules/tslib": {
      "version": "1.14.1",
      "license": "0BSD"
    },
    "node_modules/@aws-sdk/abort-controller": {
      "version": "3.310.0",
      "license": "Apache-2.0",
      "dependencies": {
        "@aws-sdk/types": "3.310.0",
        "tslib": "^2.5.0"
      },
      "engines": {
        "node": ">=14.0.0"
      }
    },
    "node_modules/@aws-sdk/client-lambda": {
      "version": "3.314.0",
      "resolved": "https://registry.npmjs.org/@aws-sdk/client-lambda/-/client-lambda-3.314.0.tgz",
      "integrity": "sha512-XF+vndjKygyFVI0I9IqsEEvkKybtq/jRtM+thHgj9VXng6xZTaKQPpwqHanjWvQgN3Gk7mnQDIATO3Buwu8j5w==",
      "peer": true,
      "dependencies": {
        "@aws-crypto/sha256-browser": "3.0.0",
        "@aws-crypto/sha256-js": "3.0.0",
        "@aws-sdk/client-sts": "3.312.0",
        "@aws-sdk/config-resolver": "3.310.0",
        "@aws-sdk/credential-provider-node": "3.310.0",
        "@aws-sdk/eventstream-serde-browser": "3.310.0",
        "@aws-sdk/eventstream-serde-config-resolver": "3.310.0",
        "@aws-sdk/eventstream-serde-node": "3.310.0",
        "@aws-sdk/fetch-http-handler": "3.310.0",
        "@aws-sdk/hash-node": "3.310.0",
        "@aws-sdk/invalid-dependency": "3.310.0",
        "@aws-sdk/middleware-content-length": "3.310.0",
        "@aws-sdk/middleware-endpoint": "3.310.0",
        "@aws-sdk/middleware-host-header": "3.310.0",
        "@aws-sdk/middleware-logger": "3.310.0",
        "@aws-sdk/middleware-recursion-detection": "3.310.0",
        "@aws-sdk/middleware-retry": "3.310.0",
        "@aws-sdk/middleware-serde": "3.310.0",
        "@aws-sdk/middleware-signing": "3.310.0",
        "@aws-sdk/middleware-stack": "3.310.0",
        "@aws-sdk/middleware-user-agent": "3.310.0",
        "@aws-sdk/node-config-provider": "3.310.0",
        "@aws-sdk/node-http-handler": "3.310.0",
        "@aws-sdk/protocol-http": "3.310.0",
        "@aws-sdk/smithy-client": "3.310.0",
        "@aws-sdk/types": "3.310.0",
        "@aws-sdk/url-parser": "3.310.0",
        "@aws-sdk/util-base64": "3.310.0",
        "@aws-sdk/util-body-length-browser": "3.310.0",
        "@aws-sdk/util-body-length-node": "3.310.0",
        "@aws-sdk/util-defaults-mode-browser": "3.310.0",
        "@aws-sdk/util-defaults-mode-node": "3.310.0",
        "@aws-sdk/util-endpoints": "3.310.0",
        "@aws-sdk/util-retry": "3.310.0",
        "@aws-sdk/util-user-agent-browser": "3.310.0",
        "@aws-sdk/util-user-agent-node": "3.310.0",
        "@aws-sdk/util-utf8": "3.310.0",
        "@aws-sdk/util-waiter": "3.310.0",
        "tslib": "^2.5.0"
      },
      "engines": {
        "node": ">=14.0.0"
      }
    },
    "node_modules/@aws-sdk/client-sns": {
      "version": "3.312.0",
      "resolved": "https://registry.npmjs.org/@aws-sdk/client-sns/-/client-sns-3.312.0.tgz",
      "integrity": "sha512-SXRBHov6LTQWU/th13WC/ZQmHZ83NhxV3YxKQmMh/7kwRL4YseekzxEI/qOwu/m00V6DrOzU61hcaqOZh3SCQQ==",
      "peer": true,
      "dependencies": {
        "@aws-crypto/sha256-browser": "3.0.0",
        "@aws-crypto/sha256-js": "3.0.0",
        "@aws-sdk/client-sts": "3.312.0",
        "@aws-sdk/config-resolver": "3.310.0",
        "@aws-sdk/credential-provider-node": "3.310.0",
        "@aws-sdk/fetch-http-handler": "3.310.0",
        "@aws-sdk/hash-node": "3.310.0",
        "@aws-sdk/invalid-dependency": "3.310.0",
        "@aws-sdk/middleware-content-length": "3.310.0",
        "@aws-sdk/middleware-endpoint": "3.310.0",
        "@aws-sdk/middleware-host-header": "3.310.0",
        "@aws-sdk/middleware-logger": "3.310.0",
        "@aws-sdk/middleware-recursion-detection": "3.310.0",
        "@aws-sdk/middleware-retry": "3.310.0",
        "@aws-sdk/middleware-serde": "3.310.0",
        "@aws-sdk/middleware-signing": "3.310.0",
        "@aws-sdk/middleware-stack": "3.310.0",
        "@aws-sdk/middleware-user-agent": "3.310.0",
        "@aws-sdk/node-config-provider": "3.310.0",
        "@aws-sdk/node-http-handler": "3.310.0",
        "@aws-sdk/protocol-http": "3.310.0",
        "@aws-sdk/smithy-client": "3.310.0",
        "@aws-sdk/types": "3.310.0",
        "@aws-sdk/url-parser": "3.310.0",
        "@aws-sdk/util-base64": "3.310.0",
        "@aws-sdk/util-body-length-browser": "3.310.0",
        "@aws-sdk/util-body-length-node": "3.310.0",
        "@aws-sdk/util-defaults-mode-browser": "3.310.0",
        "@aws-sdk/util-defaults-mode-node": "3.310.0",
        "@aws-sdk/util-endpoints": "3.310.0",
        "@aws-sdk/util-retry": "3.310.0",
        "@aws-sdk/util-user-agent-browser": "3.310.0",
        "@aws-sdk/util-user-agent-node": "3.310.0",
        "@aws-sdk/util-utf8": "3.310.0",
        "fast-xml-parser": "4.1.2",
        "tslib": "^2.5.0"
      },
      "engines": {
        "node": ">=14.0.0"
      }
    },
    "node_modules/@aws-sdk/client-sqs": {
      "version": "3.312.0",
      "license": "Apache-2.0",
      "dependencies": {
        "@aws-crypto/sha256-browser": "3.0.0",
        "@aws-crypto/sha256-js": "3.0.0",
        "@aws-sdk/client-sts": "3.312.0",
        "@aws-sdk/config-resolver": "3.310.0",
        "@aws-sdk/credential-provider-node": "3.310.0",
        "@aws-sdk/fetch-http-handler": "3.310.0",
        "@aws-sdk/hash-node": "3.310.0",
        "@aws-sdk/invalid-dependency": "3.310.0",
        "@aws-sdk/md5-js": "3.310.0",
        "@aws-sdk/middleware-content-length": "3.310.0",
        "@aws-sdk/middleware-endpoint": "3.310.0",
        "@aws-sdk/middleware-host-header": "3.310.0",
        "@aws-sdk/middleware-logger": "3.310.0",
        "@aws-sdk/middleware-recursion-detection": "3.310.0",
        "@aws-sdk/middleware-retry": "3.310.0",
        "@aws-sdk/middleware-sdk-sqs": "3.310.0",
        "@aws-sdk/middleware-serde": "3.310.0",
        "@aws-sdk/middleware-signing": "3.310.0",
        "@aws-sdk/middleware-stack": "3.310.0",
        "@aws-sdk/middleware-user-agent": "3.310.0",
        "@aws-sdk/node-config-provider": "3.310.0",
        "@aws-sdk/node-http-handler": "3.310.0",
        "@aws-sdk/protocol-http": "3.310.0",
        "@aws-sdk/smithy-client": "3.310.0",
        "@aws-sdk/types": "3.310.0",
        "@aws-sdk/url-parser": "3.310.0",
        "@aws-sdk/util-base64": "3.310.0",
        "@aws-sdk/util-body-length-browser": "3.310.0",
        "@aws-sdk/util-body-length-node": "3.310.0",
        "@aws-sdk/util-defaults-mode-browser": "3.310.0",
        "@aws-sdk/util-defaults-mode-node": "3.310.0",
        "@aws-sdk/util-endpoints": "3.310.0",
        "@aws-sdk/util-retry": "3.310.0",
        "@aws-sdk/util-user-agent-browser": "3.310.0",
        "@aws-sdk/util-user-agent-node": "3.310.0",
        "@aws-sdk/util-utf8": "3.310.0",
        "fast-xml-parser": "4.1.2",
        "tslib": "^2.5.0"
      },
      "engines": {
        "node": ">=14.0.0"
      }
    },
    "node_modules/@aws-sdk/client-sso": {
      "version": "3.310.0",
      "license": "Apache-2.0",
      "dependencies": {
        "@aws-crypto/sha256-browser": "3.0.0",
        "@aws-crypto/sha256-js": "3.0.0",
        "@aws-sdk/config-resolver": "3.310.0",
        "@aws-sdk/fetch-http-handler": "3.310.0",
        "@aws-sdk/hash-node": "3.310.0",
        "@aws-sdk/invalid-dependency": "3.310.0",
        "@aws-sdk/middleware-content-length": "3.310.0",
        "@aws-sdk/middleware-endpoint": "3.310.0",
        "@aws-sdk/middleware-host-header": "3.310.0",
        "@aws-sdk/middleware-logger": "3.310.0",
        "@aws-sdk/middleware-recursion-detection": "3.310.0",
        "@aws-sdk/middleware-retry": "3.310.0",
        "@aws-sdk/middleware-serde": "3.310.0",
        "@aws-sdk/middleware-stack": "3.310.0",
        "@aws-sdk/middleware-user-agent": "3.310.0",
        "@aws-sdk/node-config-provider": "3.310.0",
        "@aws-sdk/node-http-handler": "3.310.0",
        "@aws-sdk/protocol-http": "3.310.0",
        "@aws-sdk/smithy-client": "3.310.0",
        "@aws-sdk/types": "3.310.0",
        "@aws-sdk/url-parser": "3.310.0",
        "@aws-sdk/util-base64": "3.310.0",
        "@aws-sdk/util-body-length-browser": "3.310.0",
        "@aws-sdk/util-body-length-node": "3.310.0",
        "@aws-sdk/util-defaults-mode-browser": "3.310.0",
        "@aws-sdk/util-defaults-mode-node": "3.310.0",
        "@aws-sdk/util-endpoints": "3.310.0",
        "@aws-sdk/util-retry": "3.310.0",
        "@aws-sdk/util-user-agent-browser": "3.310.0",
        "@aws-sdk/util-user-agent-node": "3.310.0",
        "@aws-sdk/util-utf8": "3.310.0",
        "tslib": "^2.5.0"
      },
      "engines": {
        "node": ">=14.0.0"
      }
    },
    "node_modules/@aws-sdk/client-sso-oidc": {
      "version": "3.310.0",
      "license": "Apache-2.0",
      "dependencies": {
        "@aws-crypto/sha256-browser": "3.0.0",
        "@aws-crypto/sha256-js": "3.0.0",
        "@aws-sdk/config-resolver": "3.310.0",
        "@aws-sdk/fetch-http-handler": "3.310.0",
        "@aws-sdk/hash-node": "3.310.0",
        "@aws-sdk/invalid-dependency": "3.310.0",
        "@aws-sdk/middleware-content-length": "3.310.0",
        "@aws-sdk/middleware-endpoint": "3.310.0",
        "@aws-sdk/middleware-host-header": "3.310.0",
        "@aws-sdk/middleware-logger": "3.310.0",
        "@aws-sdk/middleware-recursion-detection": "3.310.0",
        "@aws-sdk/middleware-retry": "3.310.0",
        "@aws-sdk/middleware-serde": "3.310.0",
        "@aws-sdk/middleware-stack": "3.310.0",
        "@aws-sdk/middleware-user-agent": "3.310.0",
        "@aws-sdk/node-config-provider": "3.310.0",
        "@aws-sdk/node-http-handler": "3.310.0",
        "@aws-sdk/protocol-http": "3.310.0",
        "@aws-sdk/smithy-client": "3.310.0",
        "@aws-sdk/types": "3.310.0",
        "@aws-sdk/url-parser": "3.310.0",
        "@aws-sdk/util-base64": "3.310.0",
        "@aws-sdk/util-body-length-browser": "3.310.0",
        "@aws-sdk/util-body-length-node": "3.310.0",
        "@aws-sdk/util-defaults-mode-browser": "3.310.0",
        "@aws-sdk/util-defaults-mode-node": "3.310.0",
        "@aws-sdk/util-endpoints": "3.310.0",
        "@aws-sdk/util-retry": "3.310.0",
        "@aws-sdk/util-user-agent-browser": "3.310.0",
        "@aws-sdk/util-user-agent-node": "3.310.0",
        "@aws-sdk/util-utf8": "3.310.0",
        "tslib": "^2.5.0"
      },
      "engines": {
        "node": ">=14.0.0"
      }
    },
    "node_modules/@aws-sdk/client-sts": {
      "version": "3.312.0",
      "license": "Apache-2.0",
      "dependencies": {
        "@aws-crypto/sha256-browser": "3.0.0",
        "@aws-crypto/sha256-js": "3.0.0",
        "@aws-sdk/config-resolver": "3.310.0",
        "@aws-sdk/credential-provider-node": "3.310.0",
        "@aws-sdk/fetch-http-handler": "3.310.0",
        "@aws-sdk/hash-node": "3.310.0",
        "@aws-sdk/invalid-dependency": "3.310.0",
        "@aws-sdk/middleware-content-length": "3.310.0",
        "@aws-sdk/middleware-endpoint": "3.310.0",
        "@aws-sdk/middleware-host-header": "3.310.0",
        "@aws-sdk/middleware-logger": "3.310.0",
        "@aws-sdk/middleware-recursion-detection": "3.310.0",
        "@aws-sdk/middleware-retry": "3.310.0",
        "@aws-sdk/middleware-sdk-sts": "3.310.0",
        "@aws-sdk/middleware-serde": "3.310.0",
        "@aws-sdk/middleware-signing": "3.310.0",
        "@aws-sdk/middleware-stack": "3.310.0",
        "@aws-sdk/middleware-user-agent": "3.310.0",
        "@aws-sdk/node-config-provider": "3.310.0",
        "@aws-sdk/node-http-handler": "3.310.0",
        "@aws-sdk/protocol-http": "3.310.0",
        "@aws-sdk/smithy-client": "3.310.0",
        "@aws-sdk/types": "3.310.0",
        "@aws-sdk/url-parser": "3.310.0",
        "@aws-sdk/util-base64": "3.310.0",
        "@aws-sdk/util-body-length-browser": "3.310.0",
        "@aws-sdk/util-body-length-node": "3.310.0",
        "@aws-sdk/util-defaults-mode-browser": "3.310.0",
        "@aws-sdk/util-defaults-mode-node": "3.310.0",
        "@aws-sdk/util-endpoints": "3.310.0",
        "@aws-sdk/util-retry": "3.310.0",
        "@aws-sdk/util-user-agent-browser": "3.310.0",
        "@aws-sdk/util-user-agent-node": "3.310.0",
        "@aws-sdk/util-utf8": "3.310.0",
        "fast-xml-parser": "4.1.2",
        "tslib": "^2.5.0"
      },
      "engines": {
        "node": ">=14.0.0"
      }
    },
    "node_modules/@aws-sdk/config-resolver": {
      "version": "3.310.0",
      "license": "Apache-2.0",
      "dependencies": {
        "@aws-sdk/types": "3.310.0",
        "@aws-sdk/util-config-provider": "3.310.0",
        "@aws-sdk/util-middleware": "3.310.0",
        "tslib": "^2.5.0"
      },
      "engines": {
        "node": ">=14.0.0"
      }
    },
    "node_modules/@aws-sdk/credential-provider-env": {
      "version": "3.310.0",
      "license": "Apache-2.0",
      "dependencies": {
        "@aws-sdk/property-provider": "3.310.0",
        "@aws-sdk/types": "3.310.0",
        "tslib": "^2.5.0"
      },
      "engines": {
        "node": ">=14.0.0"
      }
    },
    "node_modules/@aws-sdk/credential-provider-imds": {
      "version": "3.310.0",
      "license": "Apache-2.0",
      "dependencies": {
        "@aws-sdk/node-config-provider": "3.310.0",
        "@aws-sdk/property-provider": "3.310.0",
        "@aws-sdk/types": "3.310.0",
        "@aws-sdk/url-parser": "3.310.0",
        "tslib": "^2.5.0"
      },
      "engines": {
        "node": ">=14.0.0"
      }
    },
    "node_modules/@aws-sdk/credential-provider-ini": {
      "version": "3.310.0",
      "license": "Apache-2.0",
      "dependencies": {
        "@aws-sdk/credential-provider-env": "3.310.0",
        "@aws-sdk/credential-provider-imds": "3.310.0",
        "@aws-sdk/credential-provider-process": "3.310.0",
        "@aws-sdk/credential-provider-sso": "3.310.0",
        "@aws-sdk/credential-provider-web-identity": "3.310.0",
        "@aws-sdk/property-provider": "3.310.0",
        "@aws-sdk/shared-ini-file-loader": "3.310.0",
        "@aws-sdk/types": "3.310.0",
        "tslib": "^2.5.0"
      },
      "engines": {
        "node": ">=14.0.0"
      }
    },
    "node_modules/@aws-sdk/credential-provider-node": {
      "version": "3.310.0",
      "license": "Apache-2.0",
      "dependencies": {
        "@aws-sdk/credential-provider-env": "3.310.0",
        "@aws-sdk/credential-provider-imds": "3.310.0",
        "@aws-sdk/credential-provider-ini": "3.310.0",
        "@aws-sdk/credential-provider-process": "3.310.0",
        "@aws-sdk/credential-provider-sso": "3.310.0",
        "@aws-sdk/credential-provider-web-identity": "3.310.0",
        "@aws-sdk/property-provider": "3.310.0",
        "@aws-sdk/shared-ini-file-loader": "3.310.0",
        "@aws-sdk/types": "3.310.0",
        "tslib": "^2.5.0"
      },
      "engines": {
        "node": ">=14.0.0"
      }
    },
    "node_modules/@aws-sdk/credential-provider-process": {
      "version": "3.310.0",
      "license": "Apache-2.0",
      "dependencies": {
        "@aws-sdk/property-provider": "3.310.0",
        "@aws-sdk/shared-ini-file-loader": "3.310.0",
        "@aws-sdk/types": "3.310.0",
        "tslib": "^2.5.0"
      },
      "engines": {
        "node": ">=14.0.0"
      }
    },
    "node_modules/@aws-sdk/credential-provider-sso": {
      "version": "3.310.0",
      "license": "Apache-2.0",
      "dependencies": {
        "@aws-sdk/client-sso": "3.310.0",
        "@aws-sdk/property-provider": "3.310.0",
        "@aws-sdk/shared-ini-file-loader": "3.310.0",
        "@aws-sdk/token-providers": "3.310.0",
        "@aws-sdk/types": "3.310.0",
        "tslib": "^2.5.0"
      },
      "engines": {
        "node": ">=14.0.0"
      }
    },
    "node_modules/@aws-sdk/credential-provider-web-identity": {
      "version": "3.310.0",
      "license": "Apache-2.0",
      "dependencies": {
        "@aws-sdk/property-provider": "3.310.0",
        "@aws-sdk/types": "3.310.0",
        "tslib": "^2.5.0"
      },
      "engines": {
        "node": ">=14.0.0"
      }
    },
    "node_modules/@aws-sdk/eventstream-codec": {
      "version": "3.310.0",
      "resolved": "https://registry.npmjs.org/@aws-sdk/eventstream-codec/-/eventstream-codec-3.310.0.tgz",
      "integrity": "sha512-clIeSgWbZbxwtsxZ/yoedNM0/kJFSIjjHPikuDGhxhqc+vP6TN3oYyVMFrYwFaTFhk2+S5wZcWYMw8Op1pWo+A==",
      "peer": true,
      "dependencies": {
        "@aws-crypto/crc32": "3.0.0",
        "@aws-sdk/types": "3.310.0",
        "@aws-sdk/util-hex-encoding": "3.310.0",
        "tslib": "^2.5.0"
      }
    },
    "node_modules/@aws-sdk/eventstream-serde-browser": {
      "version": "3.310.0",
      "resolved": "https://registry.npmjs.org/@aws-sdk/eventstream-serde-browser/-/eventstream-serde-browser-3.310.0.tgz",
      "integrity": "sha512-3S6ziuQVALgEyz0TANGtYDVeG8ArK4Y05mcgrs8qUTmsvlDIXX37cR/DvmVbNB76M4IrsZeSAIajL9644CywkA==",
      "peer": true,
      "dependencies": {
        "@aws-sdk/eventstream-serde-universal": "3.310.0",
        "@aws-sdk/types": "3.310.0",
        "tslib": "^2.5.0"
      },
      "engines": {
        "node": ">=14.0.0"
      }
    },
    "node_modules/@aws-sdk/eventstream-serde-config-resolver": {
      "version": "3.310.0",
      "resolved": "https://registry.npmjs.org/@aws-sdk/eventstream-serde-config-resolver/-/eventstream-serde-config-resolver-3.310.0.tgz",
      "integrity": "sha512-8s1Qdn9STj+sV75nUp9yt0W6fHS4BZ2jTm4Z/1Pcbvh2Gqs0WjH5n2StS+pDW5Y9J/HSGBl0ogmUr5lC5bXFHg==",
      "peer": true,
      "dependencies": {
        "@aws-sdk/types": "3.310.0",
        "tslib": "^2.5.0"
      },
      "engines": {
        "node": ">=14.0.0"
      }
    },
    "node_modules/@aws-sdk/eventstream-serde-node": {
      "version": "3.310.0",
      "resolved": "https://registry.npmjs.org/@aws-sdk/eventstream-serde-node/-/eventstream-serde-node-3.310.0.tgz",
      "integrity": "sha512-kSnRomCgW43K9TmQYuwN9+AoYPnhyOKroanUMyZEzJk7rpCPMj4OzaUpXfDYOvznFNYn7NLaH6nHLJAr0VPlJA==",
      "peer": true,
      "dependencies": {
        "@aws-sdk/eventstream-serde-universal": "3.310.0",
        "@aws-sdk/types": "3.310.0",
        "tslib": "^2.5.0"
      },
      "engines": {
        "node": ">=14.0.0"
      }
    },
    "node_modules/@aws-sdk/eventstream-serde-universal": {
      "version": "3.310.0",
      "resolved": "https://registry.npmjs.org/@aws-sdk/eventstream-serde-universal/-/eventstream-serde-universal-3.310.0.tgz",
      "integrity": "sha512-Qyjt5k/waV5cDukpgT824ISZAz5U0pwzLz5ztR409u85AGNkF/9n7MS+LSyBUBSb0WJ5pUeSD47WBk+nLq9Nhw==",
      "peer": true,
      "dependencies": {
        "@aws-sdk/eventstream-codec": "3.310.0",
        "@aws-sdk/types": "3.310.0",
        "tslib": "^2.5.0"
      },
      "engines": {
        "node": ">=14.0.0"
      }
    },
    "node_modules/@aws-sdk/fetch-http-handler": {
      "version": "3.310.0",
      "license": "Apache-2.0",
      "dependencies": {
        "@aws-sdk/protocol-http": "3.310.0",
        "@aws-sdk/querystring-builder": "3.310.0",
        "@aws-sdk/types": "3.310.0",
        "@aws-sdk/util-base64": "3.310.0",
        "tslib": "^2.5.0"
      }
    },
    "node_modules/@aws-sdk/hash-node": {
      "version": "3.310.0",
      "license": "Apache-2.0",
      "dependencies": {
        "@aws-sdk/types": "3.310.0",
        "@aws-sdk/util-buffer-from": "3.310.0",
        "@aws-sdk/util-utf8": "3.310.0",
        "tslib": "^2.5.0"
      },
      "engines": {
        "node": ">=14.0.0"
      }
    },
    "node_modules/@aws-sdk/invalid-dependency": {
      "version": "3.310.0",
      "license": "Apache-2.0",
      "dependencies": {
        "@aws-sdk/types": "3.310.0",
        "tslib": "^2.5.0"
      }
    },
    "node_modules/@aws-sdk/is-array-buffer": {
      "version": "3.310.0",
      "license": "Apache-2.0",
      "dependencies": {
        "tslib": "^2.5.0"
      },
      "engines": {
        "node": ">=14.0.0"
      }
    },
    "node_modules/@aws-sdk/md5-js": {
      "version": "3.310.0",
      "license": "Apache-2.0",
      "dependencies": {
        "@aws-sdk/types": "3.310.0",
        "@aws-sdk/util-utf8": "3.310.0",
        "tslib": "^2.5.0"
      }
    },
    "node_modules/@aws-sdk/middleware-content-length": {
      "version": "3.310.0",
      "license": "Apache-2.0",
      "dependencies": {
        "@aws-sdk/protocol-http": "3.310.0",
        "@aws-sdk/types": "3.310.0",
        "tslib": "^2.5.0"
      },
      "engines": {
        "node": ">=14.0.0"
      }
    },
    "node_modules/@aws-sdk/middleware-endpoint": {
      "version": "3.310.0",
      "license": "Apache-2.0",
      "dependencies": {
        "@aws-sdk/middleware-serde": "3.310.0",
        "@aws-sdk/types": "3.310.0",
        "@aws-sdk/url-parser": "3.310.0",
        "@aws-sdk/util-middleware": "3.310.0",
        "tslib": "^2.5.0"
      },
      "engines": {
        "node": ">=14.0.0"
      }
    },
    "node_modules/@aws-sdk/middleware-host-header": {
      "version": "3.310.0",
      "license": "Apache-2.0",
      "dependencies": {
        "@aws-sdk/protocol-http": "3.310.0",
        "@aws-sdk/types": "3.310.0",
        "tslib": "^2.5.0"
      },
      "engines": {
        "node": ">=14.0.0"
      }
    },
    "node_modules/@aws-sdk/middleware-logger": {
      "version": "3.310.0",
      "license": "Apache-2.0",
      "dependencies": {
        "@aws-sdk/types": "3.310.0",
        "tslib": "^2.5.0"
      },
      "engines": {
        "node": ">=14.0.0"
      }
    },
    "node_modules/@aws-sdk/middleware-recursion-detection": {
      "version": "3.310.0",
      "license": "Apache-2.0",
      "dependencies": {
        "@aws-sdk/protocol-http": "3.310.0",
        "@aws-sdk/types": "3.310.0",
        "tslib": "^2.5.0"
      },
      "engines": {
        "node": ">=14.0.0"
      }
    },
    "node_modules/@aws-sdk/middleware-retry": {
      "version": "3.310.0",
      "license": "Apache-2.0",
      "dependencies": {
        "@aws-sdk/protocol-http": "3.310.0",
        "@aws-sdk/service-error-classification": "3.310.0",
        "@aws-sdk/types": "3.310.0",
        "@aws-sdk/util-middleware": "3.310.0",
        "@aws-sdk/util-retry": "3.310.0",
        "tslib": "^2.5.0",
        "uuid": "^8.3.2"
      },
      "engines": {
        "node": ">=14.0.0"
      }
    },
    "node_modules/@aws-sdk/middleware-retry/node_modules/uuid": {
      "version": "8.3.2",
      "resolved": "https://registry.npmjs.org/uuid/-/uuid-8.3.2.tgz",
      "integrity": "sha512-+NYs2QeMWy+GWFOEm9xnn6HCDp0l7QBD7ml8zLUmJ+93Q5NF0NocErnwkTkXVFNiX3/fpC6afS8Dhb/gz7R7eg==",
      "bin": {
        "uuid": "dist/bin/uuid"
      }
    },
    "node_modules/@aws-sdk/middleware-sdk-sqs": {
      "version": "3.310.0",
      "license": "Apache-2.0",
      "dependencies": {
        "@aws-sdk/types": "3.310.0",
        "@aws-sdk/util-hex-encoding": "3.310.0",
        "@aws-sdk/util-utf8": "3.310.0",
        "tslib": "^2.5.0"
      },
      "engines": {
        "node": ">=14.0.0"
      }
    },
    "node_modules/@aws-sdk/middleware-sdk-sts": {
      "version": "3.310.0",
      "license": "Apache-2.0",
      "dependencies": {
        "@aws-sdk/middleware-signing": "3.310.0",
        "@aws-sdk/types": "3.310.0",
        "tslib": "^2.5.0"
      },
      "engines": {
        "node": ">=14.0.0"
      }
    },
    "node_modules/@aws-sdk/middleware-serde": {
      "version": "3.310.0",
      "license": "Apache-2.0",
      "dependencies": {
        "@aws-sdk/types": "3.310.0",
        "tslib": "^2.5.0"
      },
      "engines": {
        "node": ">=14.0.0"
      }
    },
    "node_modules/@aws-sdk/middleware-signing": {
      "version": "3.310.0",
      "license": "Apache-2.0",
      "dependencies": {
        "@aws-sdk/property-provider": "3.310.0",
        "@aws-sdk/protocol-http": "3.310.0",
        "@aws-sdk/signature-v4": "3.310.0",
        "@aws-sdk/types": "3.310.0",
        "@aws-sdk/util-middleware": "3.310.0",
        "tslib": "^2.5.0"
      },
      "engines": {
        "node": ">=14.0.0"
      }
    },
    "node_modules/@aws-sdk/middleware-stack": {
      "version": "3.310.0",
      "license": "Apache-2.0",
      "dependencies": {
        "tslib": "^2.5.0"
      },
      "engines": {
        "node": ">=14.0.0"
      }
    },
    "node_modules/@aws-sdk/middleware-user-agent": {
      "version": "3.310.0",
      "license": "Apache-2.0",
      "dependencies": {
        "@aws-sdk/protocol-http": "3.310.0",
        "@aws-sdk/types": "3.310.0",
        "@aws-sdk/util-endpoints": "3.310.0",
        "tslib": "^2.5.0"
      },
      "engines": {
        "node": ">=14.0.0"
      }
    },
    "node_modules/@aws-sdk/node-config-provider": {
      "version": "3.310.0",
      "license": "Apache-2.0",
      "dependencies": {
        "@aws-sdk/property-provider": "3.310.0",
        "@aws-sdk/shared-ini-file-loader": "3.310.0",
        "@aws-sdk/types": "3.310.0",
        "tslib": "^2.5.0"
      },
      "engines": {
        "node": ">=14.0.0"
      }
    },
    "node_modules/@aws-sdk/node-http-handler": {
      "version": "3.310.0",
      "license": "Apache-2.0",
      "dependencies": {
        "@aws-sdk/abort-controller": "3.310.0",
        "@aws-sdk/protocol-http": "3.310.0",
        "@aws-sdk/querystring-builder": "3.310.0",
        "@aws-sdk/types": "3.310.0",
        "tslib": "^2.5.0"
      },
      "engines": {
        "node": ">=14.0.0"
      }
    },
    "node_modules/@aws-sdk/property-provider": {
      "version": "3.310.0",
      "license": "Apache-2.0",
      "dependencies": {
        "@aws-sdk/types": "3.310.0",
        "tslib": "^2.5.0"
      },
      "engines": {
        "node": ">=14.0.0"
      }
    },
    "node_modules/@aws-sdk/protocol-http": {
      "version": "3.310.0",
      "license": "Apache-2.0",
      "dependencies": {
        "@aws-sdk/types": "3.310.0",
        "tslib": "^2.5.0"
      },
      "engines": {
        "node": ">=14.0.0"
      }
    },
    "node_modules/@aws-sdk/querystring-builder": {
      "version": "3.310.0",
      "license": "Apache-2.0",
      "dependencies": {
        "@aws-sdk/types": "3.310.0",
        "@aws-sdk/util-uri-escape": "3.310.0",
        "tslib": "^2.5.0"
      },
      "engines": {
        "node": ">=14.0.0"
      }
    },
    "node_modules/@aws-sdk/querystring-parser": {
      "version": "3.310.0",
      "license": "Apache-2.0",
      "dependencies": {
        "@aws-sdk/types": "3.310.0",
        "tslib": "^2.5.0"
      },
      "engines": {
        "node": ">=14.0.0"
      }
    },
    "node_modules/@aws-sdk/service-error-classification": {
      "version": "3.310.0",
      "license": "Apache-2.0",
      "engines": {
        "node": ">=14.0.0"
      }
    },
    "node_modules/@aws-sdk/shared-ini-file-loader": {
      "version": "3.310.0",
      "license": "Apache-2.0",
      "dependencies": {
        "@aws-sdk/types": "3.310.0",
        "tslib": "^2.5.0"
      },
      "engines": {
        "node": ">=14.0.0"
      }
    },
    "node_modules/@aws-sdk/signature-v4": {
      "version": "3.310.0",
      "license": "Apache-2.0",
      "dependencies": {
        "@aws-sdk/is-array-buffer": "3.310.0",
        "@aws-sdk/types": "3.310.0",
        "@aws-sdk/util-hex-encoding": "3.310.0",
        "@aws-sdk/util-middleware": "3.310.0",
        "@aws-sdk/util-uri-escape": "3.310.0",
        "@aws-sdk/util-utf8": "3.310.0",
        "tslib": "^2.5.0"
      },
      "engines": {
        "node": ">=14.0.0"
      }
    },
    "node_modules/@aws-sdk/smithy-client": {
      "version": "3.310.0",
      "license": "Apache-2.0",
      "dependencies": {
        "@aws-sdk/middleware-stack": "3.310.0",
        "@aws-sdk/types": "3.310.0",
        "tslib": "^2.5.0"
      },
      "engines": {
        "node": ">=14.0.0"
      }
    },
    "node_modules/@aws-sdk/token-providers": {
      "version": "3.310.0",
      "license": "Apache-2.0",
      "dependencies": {
        "@aws-sdk/client-sso-oidc": "3.310.0",
        "@aws-sdk/property-provider": "3.310.0",
        "@aws-sdk/shared-ini-file-loader": "3.310.0",
        "@aws-sdk/types": "3.310.0",
        "tslib": "^2.5.0"
      },
      "engines": {
        "node": ">=14.0.0"
      }
    },
    "node_modules/@aws-sdk/types": {
      "version": "3.310.0",
      "license": "Apache-2.0",
      "dependencies": {
        "tslib": "^2.5.0"
      },
      "engines": {
        "node": ">=14.0.0"
      }
    },
    "node_modules/@aws-sdk/url-parser": {
      "version": "3.310.0",
      "license": "Apache-2.0",
      "dependencies": {
        "@aws-sdk/querystring-parser": "3.310.0",
        "@aws-sdk/types": "3.310.0",
        "tslib": "^2.5.0"
      }
    },
    "node_modules/@aws-sdk/util-base64": {
      "version": "3.310.0",
      "license": "Apache-2.0",
      "dependencies": {
        "@aws-sdk/util-buffer-from": "3.310.0",
        "tslib": "^2.5.0"
      },
      "engines": {
        "node": ">=14.0.0"
      }
    },
    "node_modules/@aws-sdk/util-body-length-browser": {
      "version": "3.310.0",
      "license": "Apache-2.0",
      "dependencies": {
        "tslib": "^2.5.0"
      }
    },
    "node_modules/@aws-sdk/util-body-length-node": {
      "version": "3.310.0",
      "license": "Apache-2.0",
      "dependencies": {
        "tslib": "^2.5.0"
      },
      "engines": {
        "node": ">=14.0.0"
      }
    },
    "node_modules/@aws-sdk/util-buffer-from": {
      "version": "3.310.0",
      "license": "Apache-2.0",
      "dependencies": {
        "@aws-sdk/is-array-buffer": "3.310.0",
        "tslib": "^2.5.0"
      },
      "engines": {
        "node": ">=14.0.0"
      }
    },
    "node_modules/@aws-sdk/util-config-provider": {
      "version": "3.310.0",
      "license": "Apache-2.0",
      "dependencies": {
        "tslib": "^2.5.0"
      },
      "engines": {
        "node": ">=14.0.0"
      }
    },
    "node_modules/@aws-sdk/util-defaults-mode-browser": {
      "version": "3.310.0",
      "license": "Apache-2.0",
      "dependencies": {
        "@aws-sdk/property-provider": "3.310.0",
        "@aws-sdk/types": "3.310.0",
        "bowser": "^2.11.0",
        "tslib": "^2.5.0"
      },
      "engines": {
        "node": ">= 10.0.0"
      }
    },
    "node_modules/@aws-sdk/util-defaults-mode-node": {
      "version": "3.310.0",
      "license": "Apache-2.0",
      "dependencies": {
        "@aws-sdk/config-resolver": "3.310.0",
        "@aws-sdk/credential-provider-imds": "3.310.0",
        "@aws-sdk/node-config-provider": "3.310.0",
        "@aws-sdk/property-provider": "3.310.0",
        "@aws-sdk/types": "3.310.0",
        "tslib": "^2.5.0"
      },
      "engines": {
        "node": ">= 10.0.0"
      }
    },
    "node_modules/@aws-sdk/util-endpoints": {
      "version": "3.310.0",
      "license": "Apache-2.0",
      "dependencies": {
        "@aws-sdk/types": "3.310.0",
        "tslib": "^2.5.0"
      },
      "engines": {
        "node": ">=14.0.0"
      }
    },
    "node_modules/@aws-sdk/util-hex-encoding": {
      "version": "3.310.0",
      "license": "Apache-2.0",
      "dependencies": {
        "tslib": "^2.5.0"
      },
      "engines": {
        "node": ">=14.0.0"
      }
    },
    "node_modules/@aws-sdk/util-locate-window": {
      "version": "3.310.0",
      "license": "Apache-2.0",
      "dependencies": {
        "tslib": "^2.5.0"
      },
      "engines": {
        "node": ">=14.0.0"
      }
    },
    "node_modules/@aws-sdk/util-middleware": {
      "version": "3.310.0",
      "license": "Apache-2.0",
      "dependencies": {
        "tslib": "^2.5.0"
      },
      "engines": {
        "node": ">=14.0.0"
      }
    },
    "node_modules/@aws-sdk/util-retry": {
      "version": "3.310.0",
      "license": "Apache-2.0",
      "dependencies": {
        "@aws-sdk/service-error-classification": "3.310.0",
        "tslib": "^2.5.0"
      },
      "engines": {
        "node": ">= 14.0.0"
      }
    },
    "node_modules/@aws-sdk/util-uri-escape": {
      "version": "3.310.0",
      "license": "Apache-2.0",
      "dependencies": {
        "tslib": "^2.5.0"
      },
      "engines": {
        "node": ">=14.0.0"
      }
    },
    "node_modules/@aws-sdk/util-user-agent-browser": {
      "version": "3.310.0",
      "license": "Apache-2.0",
      "dependencies": {
        "@aws-sdk/types": "3.310.0",
        "bowser": "^2.11.0",
        "tslib": "^2.5.0"
      }
    },
    "node_modules/@aws-sdk/util-user-agent-node": {
      "version": "3.310.0",
      "license": "Apache-2.0",
      "dependencies": {
        "@aws-sdk/node-config-provider": "3.310.0",
        "@aws-sdk/types": "3.310.0",
        "tslib": "^2.5.0"
      },
      "engines": {
        "node": ">=14.0.0"
      },
      "peerDependencies": {
        "aws-crt": ">=1.0.0"
      },
      "peerDependenciesMeta": {
        "aws-crt": {
          "optional": true
        }
      }
    },
    "node_modules/@aws-sdk/util-utf8": {
      "version": "3.310.0",
      "license": "Apache-2.0",
      "dependencies": {
        "@aws-sdk/util-buffer-from": "3.310.0",
        "tslib": "^2.5.0"
      },
      "engines": {
        "node": ">=14.0.0"
      }
    },
    "node_modules/@aws-sdk/util-utf8-browser": {
      "version": "3.259.0",
      "license": "Apache-2.0",
      "dependencies": {
        "tslib": "^2.3.1"
      }
    },
    "node_modules/@aws-sdk/util-waiter": {
      "version": "3.310.0",
      "resolved": "https://registry.npmjs.org/@aws-sdk/util-waiter/-/util-waiter-3.310.0.tgz",
      "integrity": "sha512-AV5j3guH/Y4REu+Qh3eXQU9igljHuU4XjX2sADAgf54C0kkhcCCkkiuzk3IsX089nyJCqIcj5idbjdvpnH88Vw==",
      "peer": true,
      "dependencies": {
        "@aws-sdk/abort-controller": "3.310.0",
        "@aws-sdk/types": "3.310.0",
        "tslib": "^2.5.0"
      },
      "engines": {
        "node": ">=14.0.0"
      }
    },
    "node_modules/@types/node": {
      "version": "18.15.11",
      "dev": true,
      "license": "MIT"
    },
    "node_modules/@types/uuid": {
      "version": "9.0.1",
      "dev": true,
      "license": "MIT"
    },
    "node_modules/bowser": {
      "version": "2.11.0",
      "license": "MIT"
    },
    "node_modules/debug": {
      "version": "4.3.4",
      "license": "MIT",
      "dependencies": {
        "ms": "2.1.2"
      },
      "engines": {
        "node": ">=6.0"
      },
      "peerDependenciesMeta": {
        "supports-color": {
          "optional": true
        }
      }
    },
    "node_modules/fast-xml-parser": {
      "version": "4.1.2",
      "license": "MIT",
      "dependencies": {
        "strnum": "^1.0.5"
      },
      "bin": {
        "fxparser": "src/cli/cli.js"
      },
      "funding": {
        "type": "paypal",
        "url": "https://paypal.me/naturalintelligence"
      }
    },
    "node_modules/ms": {
      "version": "2.1.2",
      "license": "MIT"
    },
    "node_modules/sqs-consumer": {
      "version": "6.2.1",
      "license": "Apache-2.0",
      "dependencies": {
        "@aws-sdk/client-sqs": "^3.258.0",
        "debug": "^4.3.4"
      },
      "peerDependencies": {
        "@aws-sdk/client-sqs": "^3.258.0"
      }
    },
    "node_modules/strnum": {
      "version": "1.0.5",
      "license": "MIT"
    },
    "node_modules/tslib": {
      "version": "2.5.0",
      "license": "0BSD"
    },
    "node_modules/typescript": {
      "version": "4.9.5",
      "dev": true,
      "license": "Apache-2.0",
      "bin": {
        "tsc": "bin/tsc",
        "tsserver": "bin/tsserver"
      },
      "engines": {
        "node": ">=4.2.0"
      }
    },
    "node_modules/uuid": {
      "version": "9.0.0",
      "resolved": "https://registry.npmjs.org/uuid/-/uuid-9.0.0.tgz",
      "integrity": "sha512-MXcSTerfPa4uqyzStbRoTgt5XIe3x5+42+q1sDuy3R5MDk66URdLMOZe5aPX/SQd+kuYAh0FdP/pO28IkQyTeg==",
      "bin": {
        "uuid": "dist/bin/uuid"
      }
    }
  }
}
